
Microsoft Visual Studio Solution File, Format Version 12.00
# Visual Studio Version 17
VisualStudioVersion = 17.10.34916.146
MinimumVisualStudioVersion = 10.0.40219.1
Project("{FAE04EC0-301F-11D3-BF4B-00C04F79EFBC}") = "HW_SP_1.3", "HW_SP_1.3.csproj", "{0939BA15-9AA5-4F30-8E05-3E845DDEB184}"
EndProject
Global
	GlobalSection(SolutionConfigurationPlatforms) = preSolution
		Debug|Any CPU = Debug|Any CPU
		Release|Any CPU = Release|Any CPU
	EndGlobalSection
	GlobalSection(ProjectConfigurationPlatforms) = postSolution
		{0939BA15-9AA5-4F30-8E05-3E845DDEB184}.Debug|Any CPU.ActiveCfg = Debug|Any CPU
		{0939BA15-9AA5-4F30-8E05-3E845DDEB184}.Debug|Any CPU.Build.0 = Debug|Any CPU
		{0939BA15-9AA5-4F30-8E05-3E845DDEB184}.Release|Any CPU.ActiveCfg = Release|Any CPU
		{0939BA15-9AA5-4F30-8E05-3E845DDEB184}.Release|Any CPU.Build.0 = Release|Any CPU
	EndGlobalSection
	GlobalSection(SolutionProperties) = preSolution
		HideSolutionNode = FALSE
	EndGlobalSection
	GlobalSection(ExtensibilityGlobals) = postSolution
		SolutionGuid = {696808C6-274D-460C-969F-C05A9EEBB4C6}
	EndGlobalSection
EndGlobal
